
Microsoft Visual Studio Solution File, Format Version 12.00
# Visual Studio Version 17
VisualStudioVersion = 17.10.35013.160
MinimumVisualStudioVersion = 10.0.40219.1
Project("{FAE04EC0-301F-11D3-BF4B-00C04F79EFBC}") = "LECCIONCLIENTES", "LECCIONCLIENTES\LECCIONCLIENTES.csproj", "{C0DECABD-FFCC-4C20-8958-424B8F51A89C}"
EndProject
Global
	GlobalSection(SolutionConfigurationPlatforms) = preSolution
		Debug|Any CPU = Debug|Any CPU
		Release|Any CPU = Release|Any CPU
	EndGlobalSection
	GlobalSection(ProjectConfigurationPlatforms) = postSolution
		{C0DECABD-FFCC-4C20-8958-424B8F51A89C}.Debug|Any CPU.ActiveCfg = Debug|Any CPU
		{C0DECABD-FFCC-4C20-8958-424B8F51A89C}.Debug|Any CPU.Build.0 = Debug|Any CPU
		{C0DECABD-FFCC-4C20-8958-424B8F51A89C}.Release|Any CPU.ActiveCfg = Release|Any CPU
		{C0DECABD-FFCC-4C20-8958-424B8F51A89C}.Release|Any CPU.Build.0 = Release|Any CPU
	EndGlobalSection
	GlobalSection(SolutionProperties) = preSolution
		HideSolutionNode = FALSE
	EndGlobalSection
	GlobalSection(ExtensibilityGlobals) = postSolution
		SolutionGuid = {547FD053-4801-48F1-A033-D405CEA0AAFD}
	EndGlobalSection
EndGlobal
